
Microsoft Visual Studio Solution File, Format Version 12.00
# Visual Studio 15
VisualStudioVersion = 15.0.28010.2003
MinimumVisualStudioVersion = 10.0.40219.1
Project("{FAE04EC0-301F-11D3-BF4B-00C04F79EFBC}") = "ChatRoomServer", "CharRoomServer\ChatRoomServer.csproj", "{90D3428A-34BD-41B8-835C-956078647DF9}"
EndProject
Project("{FAE04EC0-301F-11D3-BF4B-00C04F79EFBC}") = "ChatRoomClient", "ChatRoomClient\ChatRoomClient.csproj", "{644A91FA-3C55-4EC5-B2D1-5811DBF19961}"
EndProject
Project("{FAE04EC0-301F-11D3-BF4B-00C04F79EFBC}") = "Common", "Common\Common.csproj", "{15BA4825-572F-499E-8844-A93707C9B55C}"
EndProject
Global
	GlobalSection(SolutionConfigurationPlatforms) = preSolution
		Debug|Any CPU = Debug|Any CPU
		Release|Any CPU = Release|Any CPU
	EndGlobalSection
	GlobalSection(ProjectConfigurationPlatforms) = postSolution
		{90D3428A-34BD-41B8-835C-956078647DF9}.Debug|Any CPU.ActiveCfg = Debug|Any CPU
		{90D3428A-34BD-41B8-835C-956078647DF9}.Debug|Any CPU.Build.0 = Debug|Any CPU
		{90D3428A-34BD-41B8-835C-956078647DF9}.Release|Any CPU.ActiveCfg = Release|Any CPU
		{90D3428A-34BD-41B8-835C-956078647DF9}.Release|Any CPU.Build.0 = Release|Any CPU
		{644A91FA-3C55-4EC5-B2D1-5811DBF19961}.Debug|Any CPU.ActiveCfg = Debug|Any CPU
		{644A91FA-3C55-4EC5-B2D1-5811DBF19961}.Debug|Any CPU.Build.0 = Debug|Any CPU
		{644A91FA-3C55-4EC5-B2D1-5811DBF19961}.Release|Any CPU.ActiveCfg = Release|Any CPU
		{644A91FA-3C55-4EC5-B2D1-5811DBF19961}.Release|Any CPU.Build.0 = Release|Any CPU
		{15BA4825-572F-499E-8844-A93707C9B55C}.Debug|Any CPU.ActiveCfg = Debug|Any CPU
		{15BA4825-572F-499E-8844-A93707C9B55C}.Debug|Any CPU.Build.0 = Debug|Any CPU
		{15BA4825-572F-499E-8844-A93707C9B55C}.Release|Any CPU.ActiveCfg = Release|Any CPU
		{15BA4825-572F-499E-8844-A93707C9B55C}.Release|Any CPU.Build.0 = Release|Any CPU
	EndGlobalSection
	GlobalSection(SolutionProperties) = preSolution
		HideSolutionNode = FALSE
	EndGlobalSection
	GlobalSection(ExtensibilityGlobals) = postSolution
		SolutionGuid = {D55AAC3F-FEE2-44F1-BEC3-BFCBDB9C7DE9}
	EndGlobalSection
EndGlobal
